
Microsoft Visual Studio Solution File, Format Version 12.00
# Visual Studio Version 17
VisualStudioVersion = 17.9.34607.119
MinimumVisualStudioVersion = 10.0.40219.1
Project("{8BC9CEB8-8B4A-11D0-8D11-00A0C91BC942}") = "Week1", "HelloWorld\HelloWorld.vcxproj", "{8245FC09-83B9-48DE-9379-36F8D804D584}"
EndProject
Project("{8BC9CEB8-8B4A-11D0-8D11-00A0C91BC942}") = "Week2", "Statements\Statements.vcxproj", "{A14E197F-CE76-4C89-AA07-370B2F9886CC}"
EndProject
Project("{8BC9CEB8-8B4A-11D0-8D11-00A0C91BC942}") = "Project1", "Project1\Project1.vcxproj", "{A4089A14-09AB-4721-994A-95985A8CC51B}"
EndProject
Project("{8BC9CEB8-8B4A-11D0-8D11-00A0C91BC942}") = "Week3", "Week3\Week3.vcxproj", "{8E93DF5F-2CB4-447C-8B9A-DCB3431DBBCA}"
EndProject
Project("{8BC9CEB8-8B4A-11D0-8D11-00A0C91BC942}") = "PP3", "PP3\PP3.vcxproj", "{ACFD5F5C-B1B9-46D2-8FD5-9978AA0531BE}"
EndProject
Project("{8BC9CEB8-8B4A-11D0-8D11-00A0C91BC942}") = "Week4", "Week4\Week4.vcxproj", "{4448EF51-DE3F-4482-8213-4C93317AEB0B}"
EndProject
Project("{8BC9CEB8-8B4A-11D0-8D11-00A0C91BC942}") = "Project4", "Project5\Project5.vcxproj", "{E0859CA0-77CB-4494-B36A-4F5A3796C2EA}"
EndProject
Project("{8BC9CEB8-8B4A-11D0-8D11-00A0C91BC942}") = "Week6", "Week6\Week6.vcxproj", "{06306A9D-B528-43A8-A606-FD05244EFA36}"
EndProject
Global
	GlobalSection(SolutionConfigurationPlatforms) = preSolution
		Debug|Any CPU = Debug|Any CPU
		Debug|x64 = Debug|x64
		Debug|x86 = Debug|x86
		Release|Any CPU = Release|Any CPU
		Release|x64 = Release|x64
		Release|x86 = Release|x86
	EndGlobalSection
	GlobalSection(ProjectConfigurationPlatforms) = postSolution
		{8245FC09-83B9-48DE-9379-36F8D804D584}.Debug|Any CPU.ActiveCfg = Debug|x64
		{8245FC09-83B9-48DE-9379-36F8D804D584}.Debug|Any CPU.Build.0 = Debug|x64
		{8245FC09-83B9-48DE-9379-36F8D804D584}.Debug|x64.ActiveCfg = Debug|x64
		{8245FC09-83B9-48DE-9379-36F8D804D584}.Debug|x64.Build.0 = Debug|x64
		{8245FC09-83B9-48DE-9379-36F8D804D584}.Debug|x86.ActiveCfg = Debug|Win32
		{8245FC09-83B9-48DE-9379-36F8D804D584}.Debug|x86.Build.0 = Debug|Win32
		{8245FC09-83B9-48DE-9379-36F8D804D584}.Release|Any CPU.ActiveCfg = Release|x64
		{8245FC09-83B9-48DE-9379-36F8D804D584}.Release|Any CPU.Build.0 = Release|x64
		{8245FC09-83B9-48DE-9379-36F8D804D584}.Release|x64.ActiveCfg = Release|x64
		{8245FC09-83B9-48DE-9379-36F8D804D584}.Release|x64.Build.0 = Release|x64
		{8245FC09-83B9-48DE-9379-36F8D804D584}.Release|x86.ActiveCfg = Release|Win32
		{8245FC09-83B9-48DE-9379-36F8D804D584}.Release|x86.Build.0 = Release|Win32
		{A14E197F-CE76-4C89-AA07-370B2F9886CC}.Debug|Any CPU.ActiveCfg = Debug|x64
		{A14E197F-CE76-4C89-AA07-370B2F9886CC}.Debug|Any CPU.Build.0 = Debug|x64
		{A14E197F-CE76-4C89-AA07-370B2F9886CC}.Debug|x64.ActiveCfg = Debug|x64
		{A14E197F-CE76-4C89-AA07-370B2F9886CC}.Debug|x64.Build.0 = Debug|x64
		{A14E197F-CE76-4C89-AA07-370B2F9886CC}.Debug|x86.ActiveCfg = Debug|Win32
		{A14E197F-CE76-4C89-AA07-370B2F9886CC}.Debug|x86.Build.0 = Debug|Win32
		{A14E197F-CE76-4C89-AA07-370B2F9886CC}.Release|Any CPU.ActiveCfg = Release|x64
		{A14E197F-CE76-4C89-AA07-370B2F9886CC}.Release|Any CPU.Build.0 = Release|x64
		{A14E197F-CE76-4C89-AA07-370B2F9886CC}.Release|x64.ActiveCfg = Release|x64
		{A14E197F-CE76-4C89-AA07-370B2F9886CC}.Release|x64.Build.0 = Release|x64
		{A14E197F-CE76-4C89-AA07-370B2F9886CC}.Release|x86.ActiveCfg = Release|Win32
		{A14E197F-CE76-4C89-AA07-370B2F9886CC}.Release|x86.Build.0 = Release|Win32
		{A4089A14-09AB-4721-994A-95985A8CC51B}.Debug|Any CPU.ActiveCfg = Debug|x64
		{A4089A14-09AB-4721-994A-95985A8CC51B}.Debug|Any CPU.Build.0 = Debug|x64
		{A4089A14-09AB-4721-994A-95985A8CC51B}.Debug|x64.ActiveCfg = Debug|x64
		{A4089A14-09AB-4721-994A-95985A8CC51B}.Debug|x64.Build.0 = Debug|x64
		{A4089A14-09AB-4721-994A-95985A8CC51B}.Debug|x86.ActiveCfg = Debug|Win32
		{A4089A14-09AB-4721-994A-95985A8CC51B}.Debug|x86.Build.0 = Debug|Win32
		{A4089A14-09AB-4721-994A-95985A8CC51B}.Release|Any CPU.ActiveCfg = Release|x64
		{A4089A14-09AB-4721-994A-95985A8CC51B}.Release|Any CPU.Build.0 = Release|x64
		{A4089A14-09AB-4721-994A-95985A8CC51B}.Release|x64.ActiveCfg = Release|x64
		{A4089A14-09AB-4721-994A-95985A8CC51B}.Release|x64.Build.0 = Release|x64
		{A4089A14-09AB-4721-994A-95985A8CC51B}.Release|x86.ActiveCfg = Release|Win32
		{A4089A14-09AB-4721-994A-95985A8CC51B}.Release|x86.Build.0 = Release|Win32
		{8E93DF5F-2CB4-447C-8B9A-DCB3431DBBCA}.Debug|Any CPU.ActiveCfg = Debug|x64
		{8E93DF5F-2CB4-447C-8B9A-DCB3431DBBCA}.Debug|Any CPU.Build.0 = Debug|x64
		{8E93DF5F-2CB4-447C-8B9A-DCB3431DBBCA}.Debug|x64.ActiveCfg = Debug|x64
		{8E93DF5F-2CB4-447C-8B9A-DCB3431DBBCA}.Debug|x64.Build.0 = Debug|x64
		{8E93DF5F-2CB4-447C-8B9A-DCB3431DBBCA}.Debug|x86.ActiveCfg = Debug|Win32
		{8E93DF5F-2CB4-447C-8B9A-DCB3431DBBCA}.Debug|x86.Build.0 = Debug|Win32
		{8E93DF5F-2CB4-447C-8B9A-DCB3431DBBCA}.Release|Any CPU.ActiveCfg = Release|x64
		{8E93DF5F-2CB4-447C-8B9A-DCB3431DBBCA}.Release|Any CPU.Build.0 = Release|x64
		{8E93DF5F-2CB4-447C-8B9A-DCB3431DBBCA}.Release|x64.ActiveCfg = Release|x64
		{8E93DF5F-2CB4-447C-8B9A-DCB3431DBBCA}.Release|x64.Build.0 = Release|x64
		{8E93DF5F-2CB4-447C-8B9A-DCB3431DBBCA}.Release|x86.ActiveCfg = Release|Win32
		{8E93DF5F-2CB4-447C-8B9A-DCB3431DBBCA}.Release|x86.Build.0 = Release|Win32
		{ACFD5F5C-B1B9-46D2-8FD5-9978AA0531BE}.Debug|Any CPU.ActiveCfg = Debug|x64
		{ACFD5F5C-B1B9-46D2-8FD5-9978AA0531BE}.Debug|Any CPU.Build.0 = Debug|x64
		{ACFD5F5C-B1B9-46D2-8FD5-9978AA0531BE}.Debug|x64.ActiveCfg = Debug|x64
		{ACFD5F5C-B1B9-46D2-8FD5-9978AA0531BE}.Debug|x64.Build.0 = Debug|x64
		{ACFD5F5C-B1B9-46D2-8FD5-9978AA0531BE}.Debug|x86.ActiveCfg = Debug|Win32
		{ACFD5F5C-B1B9-46D2-8FD5-9978AA0531BE}.Debug|x86.Build.0 = Debug|Win32
		{ACFD5F5C-B1B9-46D2-8FD5-9978AA0531BE}.Release|Any CPU.ActiveCfg = Release|x64
		{ACFD5F5C-B1B9-46D2-8FD5-9978AA0531BE}.Release|Any CPU.Build.0 = Release|x64
		{ACFD5F5C-B1B9-46D2-8FD5-9978AA0531BE}.Release|x64.ActiveCfg = Release|x64
		{ACFD5F5C-B1B9-46D2-8FD5-9978AA0531BE}.Release|x64.Build.0 = Release|x64
		{ACFD5F5C-B1B9-46D2-8FD5-9978AA0531BE}.Release|x86.ActiveCfg = Release|Win32
		{ACFD5F5C-B1B9-46D2-8FD5-9978AA0531BE}.Release|x86.Build.0 = Release|Win32
		{4448EF51-DE3F-4482-8213-4C93317AEB0B}.Debug|Any CPU.ActiveCfg = Debug|x64
		{4448EF51-DE3F-4482-8213-4C93317AEB0B}.Debug|Any CPU.Build.0 = Debug|x64
		{4448EF51-DE3F-4482-8213-4C93317AEB0B}.Debug|x64.ActiveCfg = Debug|x64
		{4448EF51-DE3F-4482-8213-4C93317AEB0B}.Debug|x64.Build.0 = Debug|x64
		{4448EF51-DE3F-4482-8213-4C93317AEB0B}.Debug|x86.ActiveCfg = Debug|Win32
		{4448EF51-DE3F-4482-8213-4C93317AEB0B}.Debug|x86.Build.0 = Debug|Win32
		{4448EF51-DE3F-4482-8213-4C93317AEB0B}.Release|Any CPU.ActiveCfg = Release|x64
		{4448EF51-DE3F-4482-8213-4C93317AEB0B}.Release|Any CPU.Build.0 = Release|x64
		{4448EF51-DE3F-4482-8213-4C93317AEB0B}.Release|x64.ActiveCfg = Release|x64
		{4448EF51-DE3F-4482-8213-4C93317AEB0B}.Release|x64.Build.0 = Release|x64
		{4448EF51-DE3F-4482-8213-4C93317AEB0B}.Release|x86.ActiveCfg = Release|Win32
		{4448EF51-DE3F-4482-8213-4C93317AEB0B}.Release|x86.Build.0 = Release|Win32
		{E0859CA0-77CB-4494-B36A-4F5A3796C2EA}.Debug|Any CPU.ActiveCfg = Debug|x64
		{E0859CA0-77CB-4494-B36A-4F5A3796C2EA}.Debug|Any CPU.Build.0 = Debug|x64
		{E0859CA0-77CB-4494-B36A-4F5A3796C2EA}.Debug|x64.ActiveCfg = Debug|x64
		{E0859CA0-77CB-4494-B36A-4F5A3796C2EA}.Debug|x64.Build.0 = Debug|x64
		{E0859CA0-77CB-4494-B36A-4F5A3796C2EA}.Debug|x86.ActiveCfg = Debug|Win32
		{E0859CA0-77CB-4494-B36A-4F5A3796C2EA}.Debug|x86.Build.0 = Debug|Win32
		{E0859CA0-77CB-4494-B36A-4F5A3796C2EA}.Release|Any CPU.ActiveCfg = Release|x64
		{E0859CA0-77CB-4494-B36A-4F5A3796C2EA}.Release|Any CPU.Build.0 = Release|x64
		{E0859CA0-77CB-4494-B36A-4F5A3796C2EA}.Release|x64.ActiveCfg = Release|x64
		{E0859CA0-77CB-4494-B36A-4F5A3796C2EA}.Release|x64.Build.0 = Release|x64
		{E0859CA0-77CB-4494-B36A-4F5A3796C2EA}.Release|x86.ActiveCfg = Release|Win32
		{E0859CA0-77CB-4494-B36A-4F5A3796C2EA}.Release|x86.Build.0 = Release|Win32
		{06306A9D-B528-43A8-A606-FD05244EFA36}.Debug|Any CPU.ActiveCfg = Debug|x64
		{06306A9D-B528-43A8-A606-FD05244EFA36}.Debug|Any CPU.Build.0 = Debug|x64
		{06306A9D-B528-43A8-A606-FD05244EFA36}.Debug|x64.ActiveCfg = Debug|x64
		{06306A9D-B528-43A8-A606-FD05244EFA36}.Debug|x64.Build.0 = Debug|x64
		{06306A9D-B528-43A8-A606-FD05244EFA36}.Debug|x86.ActiveCfg = Debug|Win32
		{06306A9D-B528-43A8-A606-FD05244EFA36}.Debug|x86.Build.0 = Debug|Win32
		{06306A9D-B528-43A8-A606-FD05244EFA36}.Release|Any CPU.ActiveCfg = Release|x64
		{06306A9D-B528-43A8-A606-FD05244EFA36}.Release|Any CPU.Build.0 = Release|x64
		{06306A9D-B528-43A8-A606-FD05244EFA36}.Release|x64.ActiveCfg = Release|x64
		{06306A9D-B528-43A8-A606-FD05244EFA36}.Release|x64.Build.0 = Release|x64
		{06306A9D-B528-43A8-A606-FD05244EFA36}.Release|x86.ActiveCfg = Release|Win32
		{06306A9D-B528-43A8-A606-FD05244EFA36}.Release|x86.Build.0 = Release|Win32
	EndGlobalSection
	GlobalSection(SolutionProperties) = preSolution
		HideSolutionNode = FALSE
	EndGlobalSection
	GlobalSection(ExtensibilityGlobals) = postSolution
		SolutionGuid = {FD679CE0-8FC6-4A05-A62C-E3272158103F}
	EndGlobalSection
EndGlobal
